# Auto-generated by mcpp. Do not edit by hand.
# Records what this build resolved. It does not yet pin future builds:
# index dependencies are re-resolved from their constraints each time.
# dev-dependencies are excluded: only `mcpp test` resolves them, and this
# file must not change depending on which command ran last.
version = 2

[package."openkal"]
namespace = "mcpplibs"
version = "0.14.0"
source  = "index+mcpplibs@0.14.0"
hash    = "fnv1a:e235291048c1a3d8"

[package."openkal-linux"]
namespace = "mcpplibs"
version = "0.15.0"
source  = "index+mcpplibs@0.15.0"
hash    = "fnv1a:4293304de9f0f666"

[package."openkal-llvm-runtime"]
namespace = "mcpplibs"
version = "0.15.2"
source  = "index+mcpplibs@0.15.2"
hash    = "fnv1a:1c0c1c3365e06022"

[package."openkal-musl"]
namespace = "mcpplibs"
version = "0.19.2"
source  = "index+mcpplibs@0.19.2"
hash    = "fnv1a:dcbf31e8103cfaad"

